// !$*UTF8*$!
{
	archiveVersion = 1;
	classes = {
	};
	objectVersion = 50;
	objects = {

/* Begin PBXBuildFile section */
		674AC7A732C265E97680C9BD /* Pods_LolWater.framework in Frameworks */ = {isa = PBXBuildFile; fileRef = E3E442B1B7290FD34EE0AB38 /* Pods_LolWater.framework */; };
		821896EB241712A600551F3B /* CupDayView.swift in Sources */ = {isa = PBXBuildFile; fileRef = 821896EA241712A600551F3B /* CupDayView.swift */; };
		821896ED24171A1100551F3B /* WaterStore+Identifiable.swift in Sources */ = {isa = PBXBuildFile; fileRef = 821896EC24171A1100551F3B /* WaterStore+Identifiable.swift */; };
		824B159F23BF9D4500666BFD /* BadgeBackground.swift in Sources */ = {isa = PBXBuildFile; fileRef = 824B159E23BF9D4500666BFD /* BadgeBackground.swift */; };
		824B15A123BF9EA600666BFD /* BadgeSymbol.swift in Sources */ = {isa = PBXBuildFile; fileRef = 824B15A023BF9EA600666BFD /* BadgeSymbol.swift */; };
		824B15A323C1142900666BFD /* RotatedBadgeSymbol.swift in Sources */ = {isa = PBXBuildFile; fileRef = 824B15A223C1142900666BFD /* RotatedBadgeSymbol.swift */; };
		824B15A623C119DB00666BFD /* WaterBadge.swift in Sources */ = {isa = PBXBuildFile; fileRef = 824B15A523C119DB00666BFD /* WaterBadge.swift */; };
		824B15A823C2847900666BFD /* WaterCup.swift in Sources */ = {isa = PBXBuildFile; fileRef = 824B15A723C2847900666BFD /* WaterCup.swift */; };
		824B15AB23C2B45400666BFD /* CupCap.swift in Sources */ = {isa = PBXBuildFile; fileRef = 824B15AA23C2B45400666BFD /* CupCap.swift */; };
		824B15AD23C2B4A900666BFD /* Cup.swift in Sources */ = {isa = PBXBuildFile; fileRef = 824B15AC23C2B4A900666BFD /* Cup.swift */; };
		824B15B023C3EF6E00666BFD /* Person.swift in Sources */ = {isa = PBXBuildFile; fileRef = 824B15AF23C3EF6E00666BFD /* Person.swift */; };
		824B15B123C3EF6E00666BFD /* Person.swift in Sources */ = {isa = PBXBuildFile; fileRef = 824B15AF23C3EF6E00666BFD /* Person.swift */; };
		824B15B223C3EF6E00666BFD /* Person.swift in Sources */ = {isa = PBXBuildFile; fileRef = 824B15AF23C3EF6E00666BFD /* Person.swift */; };
		824B15B923C69FC700666BFD /* AddCup.swift in Sources */ = {isa = PBXBuildFile; fileRef = 824B15B823C69FC700666BFD /* AddCup.swift */; };
		824B15BD23C6A66300666BFD /* RemoveCup.swift in Sources */ = {isa = PBXBuildFile; fileRef = 824B15BC23C6A66300666BFD /* RemoveCup.swift */; };
		8252593623DA7B9200E266A8 /* UserAndPassword.swift in Sources */ = {isa = PBXBuildFile; fileRef = 8252593523DA7B9200E266A8 /* UserAndPassword.swift */; };
		8252593923DA7BE900E266A8 /* Keychain.swift in Sources */ = {isa = PBXBuildFile; fileRef = 8252593823DA7BE900E266A8 /* Keychain.swift */; };
		8252593B23DA7BF800E266A8 /* SharedWebCredential.swift in Sources */ = {isa = PBXBuildFile; fileRef = 8252593A23DA7BF800E266A8 /* SharedWebCredential.swift */; };
		8252593D23DA7C0500E266A8 /* UserData.swift in Sources */ = {isa = PBXBuildFile; fileRef = 8252593C23DA7C0500E266A8 /* UserData.swift */; };
		8252593F23DA7C2400E266A8 /* UserDataKeychain.swift in Sources */ = {isa = PBXBuildFile; fileRef = 8252593E23DA7C2400E266A8 /* UserDataKeychain.swift */; };
		8252594123DA7C7200E266A8 /* WebApi.swift in Sources */ = {isa = PBXBuildFile; fileRef = 8252594023DA7C7200E266A8 /* WebApi.swift */; };
		8252594323DA7C8E00E266A8 /* EnvironmentWindowKey.swift in Sources */ = {isa = PBXBuildFile; fileRef = 8252594223DA7C8E00E266A8 /* EnvironmentWindowKey.swift */; };
		8252594C23DB98D000E266A8 /* EmptyCup.swift in Sources */ = {isa = PBXBuildFile; fileRef = 8252594B23DB98D000E266A8 /* EmptyCup.swift */; };
		8254063C240971F900A56AFE /* User.swift in Sources */ = {isa = PBXBuildFile; fileRef = 8254063B240971F900A56AFE /* User.swift */; };
		8254063E240972F700A56AFE /* StarterView.swift in Sources */ = {isa = PBXBuildFile; fileRef = 8254063D240972F700A56AFE /* StarterView.swift */; };
		825406412409732C00A56AFE /* RegisterView.swift in Sources */ = {isa = PBXBuildFile; fileRef = 825406402409732C00A56AFE /* RegisterView.swift */; };
		825406432409734400A56AFE /* WelcomeView.swift in Sources */ = {isa = PBXBuildFile; fileRef = 825406422409734400A56AFE /* WelcomeView.swift */; };
		825406452409738000A56AFE /* User+ObservableObject.swift in Sources */ = {isa = PBXBuildFile; fileRef = 825406442409738000A56AFE /* User+ObservableObject.swift */; };
		82540647240ADC5400A56AFE /* WelcomeMessageView.swift in Sources */ = {isa = PBXBuildFile; fileRef = 82540646240ADC5400A56AFE /* WelcomeMessageView.swift */; };
		82540649240ADC7500A56AFE /* LogoImage.swift in Sources */ = {isa = PBXBuildFile; fileRef = 82540648240ADC7500A56AFE /* LogoImage.swift */; };
		8254064C240AE2B700A56AFE /* BorderedViewModifier.swift in Sources */ = {isa = PBXBuildFile; fileRef = 8254064B240AE2B700A56AFE /* BorderedViewModifier.swift */; };
		8254064F240B118200A56AFE /* KeyboardFollower.swift in Sources */ = {isa = PBXBuildFile; fileRef = 8254064E240B118200A56AFE /* KeyboardFollower.swift */; };
		825BB1ED240D6B2300F67F1E /* UserManager.swift in Sources */ = {isa = PBXBuildFile; fileRef = 825BB1EC240D6B2300F67F1E /* UserManager.swift */; };
		825BB1EF240D6B4200F67F1E /* Settings.swift in Sources */ = {isa = PBXBuildFile; fileRef = 825BB1EE240D6B4200F67F1E /* Settings.swift */; };
		825BB1F2240EEC8200F67F1E /* Day.swift in Sources */ = {isa = PBXBuildFile; fileRef = 825BB1F1240EEC8200F67F1E /* Day.swift */; };
		825BB1F4240EEDBF00F67F1E /* WaterStore.swift in Sources */ = {isa = PBXBuildFile; fileRef = 825BB1F3240EEDBF00F67F1E /* WaterStore.swift */; };
		825BB1F6240EEF2D00F67F1E /* Week.swift in Sources */ = {isa = PBXBuildFile; fileRef = 825BB1F5240EEF2D00F67F1E /* Week.swift */; };
		825BB1F8240EFD5C00F67F1E /* WaterStore+ObservableObject.swift in Sources */ = {isa = PBXBuildFile; fileRef = 825BB1F7240EFD5C00F67F1E /* WaterStore+ObservableObject.swift */; };
		825BB1FB240F078500F67F1E /* HomeView.swift in Sources */ = {isa = PBXBuildFile; fileRef = 825BB1FA240F078500F67F1E /* HomeView.swift */; };
		828F24F723B7A1FA00B87743 /* AppDelegate.swift in Sources */ = {isa = PBXBuildFile; fileRef = 828F24F623B7A1FA00B87743 /* AppDelegate.swift */; };
		828F24F923B7A1FA00B87743 /* SceneDelegate.swift in Sources */ = {isa = PBXBuildFile; fileRef = 828F24F823B7A1FA00B87743 /* SceneDelegate.swift */; };
		828F24FD23B7A1FB00B87743 /* Assets.xcassets in Resources */ = {isa = PBXBuildFile; fileRef = 828F24FC23B7A1FB00B87743 /* Assets.xcassets */; };
		828F250023B7A1FB00B87743 /* Preview Assets.xcassets in Resources */ = {isa = PBXBuildFile; fileRef = 828F24FF23B7A1FB00B87743 /* Preview Assets.xcassets */; };
		828F250323B7A1FB00B87743 /* LaunchScreen.storyboard in Resources */ = {isa = PBXBuildFile; fileRef = 828F250123B7A1FB00B87743 /* LaunchScreen.storyboard */; };
		828F250E23B7A1FB00B87743 /* LolWaterTests.swift in Sources */ = {isa = PBXBuildFile; fileRef = 828F250D23B7A1FB00B87743 /* LolWaterTests.swift */; };
		828F251923B7A1FB00B87743 /* LolWaterUITests.swift in Sources */ = {isa = PBXBuildFile; fileRef = 828F251823B7A1FB00B87743 /* LolWaterUITests.swift */; };
		828F252B23B7A2A300B87743 /* ProfileHost.swift in Sources */ = {isa = PBXBuildFile; fileRef = 828F252A23B7A2A300B87743 /* ProfileHost.swift */; };
		828F253223B7D76400B87743 /* lolWaterData.json in Resources */ = {isa = PBXBuildFile; fileRef = 828F253123B7D76400B87743 /* lolWaterData.json */; };
		828F253423B7DCBB00B87743 /* Data.swift in Sources */ = {isa = PBXBuildFile; fileRef = 828F253323B7DCBB00B87743 /* Data.swift */; };
		828F253623B7DDA500B87743 /* DayView.swift in Sources */ = {isa = PBXBuildFile; fileRef = 828F253523B7DDA500B87743 /* DayView.swift */; };
		828F253923B7FE1A00B87743 /* GraphCapsule.swift in Sources */ = {isa = PBXBuildFile; fileRef = 828F253823B7FE1A00B87743 /* GraphCapsule.swift */; };
		828F253B23BE8C1400B87743 /* WeekView.swift in Sources */ = {isa = PBXBuildFile; fileRef = 828F253A23BE8C1400B87743 /* WeekView.swift */; };
		828F253D23BEAD6A00B87743 /* Profile.swift in Sources */ = {isa = PBXBuildFile; fileRef = 828F253C23BEAD6A00B87743 /* Profile.swift */; };
		828F253F23BEB19F00B87743 /* ProfileSummary.swift in Sources */ = {isa = PBXBuildFile; fileRef = 828F253E23BEB19F00B87743 /* ProfileSummary.swift */; };
		828F254123BEB52B00B87743 /* ProfileEditor.swift in Sources */ = {isa = PBXBuildFile; fileRef = 828F254023BEB52B00B87743 /* ProfileEditor.swift */; };
		828F254423BEBE7000B87743 /* Badge.swift in Sources */ = {isa = PBXBuildFile; fileRef = 828F254323BEBE7000B87743 /* Badge.swift */; };
		828F254623BEBEA200B87743 /* HexagonParameters.swift in Sources */ = {isa = PBXBuildFile; fileRef = 828F254523BEBEA200B87743 /* HexagonParameters.swift */; };
		82ACDC5B23DF0D90009CED6B /* WeekdayColumn.swift in Sources */ = {isa = PBXBuildFile; fileRef = 82ACDC5A23DF0D90009CED6B /* WeekdayColumn.swift */; };
		F7D486C2DB94D0F6F24C5466 /* Pods_LolWaterTests.framework in Frameworks */ = {isa = PBXBuildFile; fileRef = 4F5403202268A59703EEA670 /* Pods_LolWaterTests.framework */; };
		F80D29C2141840CC5FBBE40F /* Pods_LolWater_LolWaterUITests.framework in Frameworks */ = {isa = PBXBuildFile; fileRef = 5B36840918258F48BA82DDF5 /* Pods_LolWater_LolWaterUITests.framework */; };
/* End PBXBuildFile section */

/* Begin PBXContainerItemProxy section */
		828F250A23B7A1FB00B87743 /* PBXContainerItemProxy */ = {
			isa = PBXContainerItemProxy;
			containerPortal = 828F24EB23B7A1FA00B87743 /* Project object */;
			proxyType = 1;
			remoteGlobalIDString = 828F24F223B7A1FA00B87743;
			remoteInfo = LolWater;
		};
		828F251523B7A1FB00B87743 /* PBXContainerItemProxy */ = {
			isa = PBXContainerItemProxy;
			containerPortal = 828F24EB23B7A1FA00B87743 /* Project object */;
			proxyType = 1;
			remoteGlobalIDString = 828F24F223B7A1FA00B87743;
			remoteInfo = LolWater;
		};
/* End PBXContainerItemProxy section */

/* Begin PBXFileReference section */
		4F5403202268A59703EEA670 /* Pods_LolWaterTests.framework */ = {isa = PBXFileReference; explicitFileType = wrapper.framework; includeInIndex = 0; path = Pods_LolWaterTests.framework; sourceTree = BUILT_PRODUCTS_DIR; };
		5B36840918258F48BA82DDF5 /* Pods_LolWater_LolWaterUITests.framework */ = {isa = PBXFileReference; explicitFileType = wrapper.framework; includeInIndex = 0; path = Pods_LolWater_LolWaterUITests.framework; sourceTree = BUILT_PRODUCTS_DIR; };
		5CECD06529B090680C572DC6 /* Pods-LolWaterTests.release.xcconfig */ = {isa = PBXFileReference; includeInIndex = 1; lastKnownFileType = text.xcconfig; name = "Pods-LolWaterTests.release.xcconfig"; path = "Target Support Files/Pods-LolWaterTests/Pods-LolWaterTests.release.xcconfig"; sourceTree = "<group>"; };
		7DFB9C668B02E3D48832D756 /* Pods-LolWater.release.xcconfig */ = {isa = PBXFileReference; includeInIndex = 1; lastKnownFileType = text.xcconfig; name = "Pods-LolWater.release.xcconfig"; path = "Target Support Files/Pods-LolWater/Pods-LolWater.release.xcconfig"; sourceTree = "<group>"; };
		821896EA241712A600551F3B /* CupDayView.swift */ = {isa = PBXFileReference; lastKnownFileType = sourcecode.swift; path = CupDayView.swift; sourceTree = "<group>"; };
		821896EC24171A1100551F3B /* WaterStore+Identifiable.swift */ = {isa = PBXFileReference; lastKnownFileType = sourcecode.swift; path = "WaterStore+Identifiable.swift"; sourceTree = "<group>"; };
		824B159E23BF9D4500666BFD /* BadgeBackground.swift */ = {isa = PBXFileReference; lastKnownFileType = sourcecode.swift; path = BadgeBackground.swift; sourceTree = "<group>"; };
		824B15A023BF9EA600666BFD /* BadgeSymbol.swift */ = {isa = PBXFileReference; lastKnownFileType = sourcecode.swift; path = BadgeSymbol.swift; sourceTree = "<group>"; };
		824B15A223C1142900666BFD /* RotatedBadgeSymbol.swift */ = {isa = PBXFileReference; lastKnownFileType = sourcecode.swift; path = RotatedBadgeSymbol.swift; sourceTree = "<group>"; };
		824B15A523C119DB00666BFD /* WaterBadge.swift */ = {isa = PBXFileReference; lastKnownFileType = sourcecode.swift; path = WaterBadge.swift; sourceTree = "<group>"; };
		824B15A723C2847900666BFD /* WaterCup.swift */ = {isa = PBXFileReference; lastKnownFileType = sourcecode.swift; path = WaterCup.swift; sourceTree = "<group>"; };
		824B15AA23C2B45400666BFD /* CupCap.swift */ = {isa = PBXFileReference; lastKnownFileType = sourcecode.swift; path = CupCap.swift; sourceTree = "<group>"; };
		824B15AC23C2B4A900666BFD /* Cup.swift */ = {isa = PBXFileReference; lastKnownFileType = sourcecode.swift; path = Cup.swift; sourceTree = "<group>"; };
		824B15AF23C3EF6E00666BFD /* Person.swift */ = {isa = PBXFileReference; lastKnownFileType = sourcecode.swift; path = Person.swift; sourceTree = "<group>"; };
		824B15B823C69FC700666BFD /* AddCup.swift */ = {isa = PBXFileReference; lastKnownFileType = sourcecode.swift; path = AddCup.swift; sourceTree = "<group>"; };
		824B15BC23C6A66300666BFD /* RemoveCup.swift */ = {isa = PBXFileReference; lastKnownFileType = sourcecode.swift; path = RemoveCup.swift; sourceTree = "<group>"; };
		8252592D23DA4A7F00E266A8 /* LolWater.entitlements */ = {isa = PBXFileReference; lastKnownFileType = text.plist.entitlements; path = LolWater.entitlements; sourceTree = "<group>"; };
		8252593523DA7B9200E266A8 /* UserAndPassword.swift */ = {isa = PBXFileReference; lastKnownFileType = sourcecode.swift; path = UserAndPassword.swift; sourceTree = "<group>"; };
		8252593823DA7BE900E266A8 /* Keychain.swift */ = {isa = PBXFileReference; lastKnownFileType = sourcecode.swift; path = Keychain.swift; sourceTree = "<group>"; };
		8252593A23DA7BF800E266A8 /* SharedWebCredential.swift */ = {isa = PBXFileReference; lastKnownFileType = sourcecode.swift; path = SharedWebCredential.swift; sourceTree = "<group>"; };
		8252593C23DA7C0500E266A8 /* UserData.swift */ = {isa = PBXFileReference; lastKnownFileType = sourcecode.swift; path = UserData.swift; sourceTree = "<group>"; };
		8252593E23DA7C2400E266A8 /* UserDataKeychain.swift */ = {isa = PBXFileReference; lastKnownFileType = sourcecode.swift; path = UserDataKeychain.swift; sourceTree = "<group>"; };
		8252594023DA7C7200E266A8 /* WebApi.swift */ = {isa = PBXFileReference; lastKnownFileType = sourcecode.swift; path = WebApi.swift; sourceTree = "<group>"; };
		8252594223DA7C8E00E266A8 /* EnvironmentWindowKey.swift */ = {isa = PBXFileReference; lastKnownFileType = sourcecode.swift; path = EnvironmentWindowKey.swift; sourceTree = "<group>"; };
		8252594B23DB98D000E266A8 /* EmptyCup.swift */ = {isa = PBXFileReference; lastKnownFileType = sourcecode.swift; path = EmptyCup.swift; sourceTree = "<group>"; };
		8254063B240971F900A56AFE /* User.swift */ = {isa = PBXFileReference; lastKnownFileType = sourcecode.swift; path = User.swift; sourceTree = "<group>"; };
		8254063D240972F700A56AFE /* StarterView.swift */ = {isa = PBXFileReference; lastKnownFileType = sourcecode.swift; path = StarterView.swift; sourceTree = "<group>"; };
		825406402409732C00A56AFE /* RegisterView.swift */ = {isa = PBXFileReference; lastKnownFileType = sourcecode.swift; path = RegisterView.swift; sourceTree = "<group>"; };
		825406422409734400A56AFE /* WelcomeView.swift */ = {isa = PBXFileReference; lastKnownFileType = sourcecode.swift; path = WelcomeView.swift; sourceTree = "<group>"; };
		825406442409738000A56AFE /* User+ObservableObject.swift */ = {isa = PBXFileReference; lastKnownFileType = sourcecode.swift; path = "User+ObservableObject.swift"; sourceTree = "<group>"; };
		82540646240ADC5400A56AFE /* WelcomeMessageView.swift */ = {isa = PBXFileReference; lastKnownFileType = sourcecode.swift; path = WelcomeMessageView.swift; sourceTree = "<group>"; };
		82540648240ADC7500A56AFE /* LogoImage.swift */ = {isa = PBXFileReference; lastKnownFileType = sourcecode.swift; path = LogoImage.swift; sourceTree = "<group>"; };
		8254064B240AE2B700A56AFE /* BorderedViewModifier.swift */ = {isa = PBXFileReference; lastKnownFileType = sourcecode.swift; path = BorderedViewModifier.swift; sourceTree = "<group>"; };
		8254064E240B118200A56AFE /* KeyboardFollower.swift */ = {isa = PBXFileReference; lastKnownFileType = sourcecode.swift; path = KeyboardFollower.swift; sourceTree = "<group>"; };
		825BB1EC240D6B2300F67F1E /* UserManager.swift */ = {isa = PBXFileReference; lastKnownFileType = sourcecode.swift; path = UserManager.swift; sourceTree = "<group>"; };
		825BB1EE240D6B4200F67F1E /* Settings.swift */ = {isa = PBXFileReference; lastKnownFileType = sourcecode.swift; path = Settings.swift; sourceTree = "<group>"; };
		825BB1F1240EEC8200F67F1E /* Day.swift */ = {isa = PBXFileReference; lastKnownFileType = sourcecode.swift; path = Day.swift; sourceTree = "<group>"; };
		825BB1F3240EEDBF00F67F1E /* WaterStore.swift */ = {isa = PBXFileReference; lastKnownFileType = sourcecode.swift; path = WaterStore.swift; sourceTree = "<group>"; };
		825BB1F5240EEF2D00F67F1E /* Week.swift */ = {isa = PBXFileReference; lastKnownFileType = sourcecode.swift; path = Week.swift; sourceTree = "<group>"; };
		825BB1F7240EFD5C00F67F1E /* WaterStore+ObservableObject.swift */ = {isa = PBXFileReference; lastKnownFileType = sourcecode.swift; path = "WaterStore+ObservableObject.swift"; sourceTree = "<group>"; };
		825BB1FA240F078500F67F1E /* HomeView.swift */ = {isa = PBXFileReference; lastKnownFileType = sourcecode.swift; path = HomeView.swift; sourceTree = "<group>"; };
		828F24F323B7A1FA00B87743 /* LolWater.app */ = {isa = PBXFileReference; explicitFileType = wrapper.application; includeInIndex = 0; path = LolWater.app; sourceTree = BUILT_PRODUCTS_DIR; };
		828F24F623B7A1FA00B87743 /* AppDelegate.swift */ = {isa = PBXFileReference; lastKnownFileType = sourcecode.swift; path = AppDelegate.swift; sourceTree = "<group>"; };
		828F24F823B7A1FA00B87743 /* SceneDelegate.swift */ = {isa = PBXFileReference; lastKnownFileType = sourcecode.swift; path = SceneDelegate.swift; sourceTree = "<group>"; };
		828F24FC23B7A1FB00B87743 /* Assets.xcassets */ = {isa = PBXFileReference; lastKnownFileType = folder.assetcatalog; path = Assets.xcassets; sourceTree = "<group>"; };
		828F24FF23B7A1FB00B87743 /* Preview Assets.xcassets */ = {isa = PBXFileReference; lastKnownFileType = folder.assetcatalog; path = "Preview Assets.xcassets"; sourceTree = "<group>"; };
		828F250223B7A1FB00B87743 /* Base */ = {isa = PBXFileReference; lastKnownFileType = file.storyboard; name = Base; path = Base.lproj/LaunchScreen.storyboard; sourceTree = "<group>"; };
		828F250423B7A1FB00B87743 /* Info.plist */ = {isa = PBXFileReference; lastKnownFileType = text.plist.xml; path = Info.plist; sourceTree = "<group>"; };
		828F250923B7A1FB00B87743 /* LolWaterTests.xctest */ = {isa = PBXFileReference; explicitFileType = wrapper.cfbundle; includeInIndex = 0; path = LolWaterTests.xctest; sourceTree = BUILT_PRODUCTS_DIR; };
		828F250D23B7A1FB00B87743 /* LolWaterTests.swift */ = {isa = PBXFileReference; lastKnownFileType = sourcecode.swift; path = LolWaterTests.swift; sourceTree = "<group>"; };
		828F250F23B7A1FB00B87743 /* Info.plist */ = {isa = PBXFileReference; lastKnownFileType = text.plist.xml; path = Info.plist; sourceTree = "<group>"; };
		828F251423B7A1FB00B87743 /* LolWaterUITests.xctest */ = {isa = PBXFileReference; explicitFileType = wrapper.cfbundle; includeInIndex = 0; path = LolWaterUITests.xctest; sourceTree = BUILT_PRODUCTS_DIR; };
		828F251823B7A1FB00B87743 /* LolWaterUITests.swift */ = {isa = PBXFileReference; lastKnownFileType = sourcecode.swift; path = LolWaterUITests.swift; sourceTree = "<group>"; };
		828F251A23B7A1FB00B87743 /* Info.plist */ = {isa = PBXFileReference; lastKnownFileType = text.plist.xml; path = Info.plist; sourceTree = "<group>"; };
		828F252A23B7A2A300B87743 /* ProfileHost.swift */ = {isa = PBXFileReference; lastKnownFileType = sourcecode.swift; path = ProfileHost.swift; sourceTree = "<group>"; };
		828F253123B7D76400B87743 /* lolWaterData.json */ = {isa = PBXFileReference; lastKnownFileType = text.json; path = lolWaterData.json; sourceTree = "<group>"; };
		828F253323B7DCBB00B87743 /* Data.swift */ = {isa = PBXFileReference; lastKnownFileType = sourcecode.swift; path = Data.swift; sourceTree = "<group>"; };
		828F253523B7DDA500B87743 /* DayView.swift */ = {isa = PBXFileReference; lastKnownFileType = sourcecode.swift; path = DayView.swift; sourceTree = "<group>"; };
		828F253823B7FE1A00B87743 /* GraphCapsule.swift */ = {isa = PBXFileReference; lastKnownFileType = sourcecode.swift; path = GraphCapsule.swift; sourceTree = "<group>"; };
		828F253A23BE8C1400B87743 /* WeekView.swift */ = {isa = PBXFileReference; lastKnownFileType = sourcecode.swift; path = WeekView.swift; sourceTree = "<group>"; };
		828F253C23BEAD6A00B87743 /* Profile.swift */ = {isa = PBXFileReference; lastKnownFileType = sourcecode.swift; path = Profile.swift; sourceTree = "<group>"; };
		828F253E23BEB19F00B87743 /* ProfileSummary.swift */ = {isa = PBXFileReference; lastKnownFileType = sourcecode.swift; path = ProfileSummary.swift; sourceTree = "<group>"; };
		828F254023BEB52B00B87743 /* ProfileEditor.swift */ = {isa = PBXFileReference; lastKnownFileType = sourcecode.swift; path = ProfileEditor.swift; sourceTree = "<group>"; };
		828F254323BEBE7000B87743 /* Badge.swift */ = {isa = PBXFileReference; lastKnownFileType = sourcecode.swift; path = Badge.swift; sourceTree = "<group>"; };
		828F254523BEBEA200B87743 /* HexagonParameters.swift */ = {isa = PBXFileReference; lastKnownFileType = sourcecode.swift; path = HexagonParameters.swift; sourceTree = "<group>"; };
		82ACDC5A23DF0D90009CED6B /* WeekdayColumn.swift */ = {isa = PBXFileReference; lastKnownFileType = sourcecode.swift; path = WeekdayColumn.swift; sourceTree = "<group>"; };
		ADBC9F071F5E50E2D76E2451 /* Pods-LolWater.debug.xcconfig */ = {isa = PBXFileReference; includeInIndex = 1; lastKnownFileType = text.xcconfig; name = "Pods-LolWater.debug.xcconfig"; path = "Target Support Files/Pods-LolWater/Pods-LolWater.debug.xcconfig"; sourceTree = "<group>"; };
		CC7176FA35E9A83D86407EFE /* Pods-LolWaterTests.debug.xcconfig */ = {isa = PBXFileReference; includeInIndex = 1; lastKnownFileType = text.xcconfig; name = "Pods-LolWaterTests.debug.xcconfig"; path = "Target Support Files/Pods-LolWaterTests/Pods-LolWaterTests.debug.xcconfig"; sourceTree = "<group>"; };
		CCB7E1D7F9BD7298BCE76B36 /* Pods-LolWater-LolWaterUITests.release.xcconfig */ = {isa = PBXFileReference; includeInIndex = 1; lastKnownFileType = text.xcconfig; name = "Pods-LolWater-LolWaterUITests.release.xcconfig"; path = "Target Support Files/Pods-LolWater-LolWaterUITests/Pods-LolWater-LolWaterUITests.release.xcconfig"; sourceTree = "<group>"; };
		E2D32AD82DAD5B947A9F975F /* Pods-LolWater-LolWaterUITests.debug.xcconfig */ = {isa = PBXFileReference; includeInIndex = 1; lastKnownFileType = text.xcconfig; name = "Pods-LolWater-LolWaterUITests.debug.xcconfig"; path = "Target Support Files/Pods-LolWater-LolWaterUITests/Pods-LolWater-LolWaterUITests.debug.xcconfig"; sourceTree = "<group>"; };
		E3E442B1B7290FD34EE0AB38 /* Pods_LolWater.framework */ = {isa = PBXFileReference; explicitFileType = wrapper.framework; includeInIndex = 0; path = Pods_LolWater.framework; sourceTree = BUILT_PRODUCTS_DIR; };
/* End PBXFileReference section */

/* Begin PBXFrameworksBuildPhase section */
		828F24F023B7A1FA00B87743 /* Frameworks */ = {
			isa = PBXFrameworksBuildPhase;
			buildActionMask = 2147483647;
			files = (
				674AC7A732C265E97680C9BD /* Pods_LolWater.framework in Frameworks */,
			);
			runOnlyForDeploymentPostprocessing = 0;
		};
		828F250623B7A1FB00B87743 /* Frameworks */ = {
			isa = PBXFrameworksBuildPhase;
			buildActionMask = 2147483647;
			files = (
				F7D486C2DB94D0F6F24C5466 /* Pods_LolWaterTests.framework in Frameworks */,
			);
			runOnlyForDeploymentPostprocessing = 0;
		};
		828F251123B7A1FB00B87743 /* Frameworks */ = {
			isa = PBXFrameworksBuildPhase;
			buildActionMask = 2147483647;
			files = (
				F80D29C2141840CC5FBBE40F /* Pods_LolWater_LolWaterUITests.framework in Frameworks */,
			);
			runOnlyForDeploymentPostprocessing = 0;
		};
/* End PBXFrameworksBuildPhase section */

/* Begin PBXGroup section */
		388079241104BC182379CB77 /* Frameworks */ = {
			isa = PBXGroup;
			children = (
				E3E442B1B7290FD34EE0AB38 /* Pods_LolWater.framework */,
				5B36840918258F48BA82DDF5 /* Pods_LolWater_LolWaterUITests.framework */,
				4F5403202268A59703EEA670 /* Pods_LolWaterTests.framework */,
			);
			name = Frameworks;
			sourceTree = "<group>";
		};
		824B15A423C1198B00666BFD /* Badge */ = {
			isa = PBXGroup;
			children = (
				828F254223BEBE5C00B87743 /* BadgeBase */,
				824B15A523C119DB00666BFD /* WaterBadge.swift */,
			);
			path = Badge;
			sourceTree = "<group>";
		};
		824B15A923C2847F00666BFD /* WaterCup */ = {
			isa = PBXGroup;
			children = (
				824B15A723C2847900666BFD /* WaterCup.swift */,
				824B15AA23C2B45400666BFD /* CupCap.swift */,
				824B15AC23C2B4A900666BFD /* Cup.swift */,
				8252594B23DB98D000E266A8 /* EmptyCup.swift */,
			);
			path = WaterCup;
			sourceTree = "<group>";
		};
		824B15AE23C3EBCA00666BFD /* Person */ = {
			isa = PBXGroup;
			children = (
				824B15AF23C3EF6E00666BFD /* Person.swift */,
			);
			path = Person;
			sourceTree = "<group>";
		};
		824B15B723C69F7800666BFD /* AddCup */ = {
			isa = PBXGroup;
			children = (
				824B15B823C69FC700666BFD /* AddCup.swift */,
				824B15BC23C6A66300666BFD /* RemoveCup.swift */,
			);
			path = AddCup;
			sourceTree = "<group>";
		};
		8252593723DA7BBF00E266A8 /* CredentialStorage */ = {
			isa = PBXGroup;
			children = (
				8252593823DA7BE900E266A8 /* Keychain.swift */,
				8252593A23DA7BF800E266A8 /* SharedWebCredential.swift */,
				8252593C23DA7C0500E266A8 /* UserData.swift */,
				8252593E23DA7C2400E266A8 /* UserDataKeychain.swift */,
			);
			path = CredentialStorage;
			sourceTree = "<group>";
		};
		8254063F2409730C00A56AFE /* Welcome */ = {
			isa = PBXGroup;
			children = (
				8254064A240AE29D00A56AFE /* Components */,
				825406402409732C00A56AFE /* RegisterView.swift */,
				825406422409734400A56AFE /* WelcomeView.swift */,
				82540646240ADC5400A56AFE /* WelcomeMessageView.swift */,
				82540648240ADC7500A56AFE /* LogoImage.swift */,
			);
			path = Welcome;
			sourceTree = "<group>";
		};
		8254064A240AE29D00A56AFE /* Components */ = {
			isa = PBXGroup;
			children = (
				8254064B240AE2B700A56AFE /* BorderedViewModifier.swift */,
			);
			path = Components;
			sourceTree = "<group>";
		};
		8254064D240B116B00A56AFE /* Utils */ = {
			isa = PBXGroup;
			children = (
				8254064E240B118200A56AFE /* KeyboardFollower.swift */,
			);
			path = Utils;
			sourceTree = "<group>";
		};
		825BB1F0240EEC1B00F67F1E /* Water */ = {
			isa = PBXGroup;
			children = (
				825BB1F1240EEC8200F67F1E /* Day.swift */,
				825BB1F5240EEF2D00F67F1E /* Week.swift */,
				825BB1F3240EEDBF00F67F1E /* WaterStore.swift */,
				825BB1F7240EFD5C00F67F1E /* WaterStore+ObservableObject.swift */,
				821896EC24171A1100551F3B /* WaterStore+Identifiable.swift */,
			);
			path = Water;
			sourceTree = "<group>";
		};
		825BB1F9240F074200F67F1E /* Home */ = {
			isa = PBXGroup;
			children = (
				825BB1FA240F078500F67F1E /* HomeView.swift */,
				821896EA241712A600551F3B /* CupDayView.swift */,
			);
			path = Home;
			sourceTree = "<group>";
		};
		828F24EA23B7A1FA00B87743 = {
			isa = PBXGroup;
			children = (
				828F24F523B7A1FA00B87743 /* LolWater */,
				828F250C23B7A1FB00B87743 /* LolWaterTests */,
				828F251723B7A1FB00B87743 /* LolWaterUITests */,
				828F24F423B7A1FA00B87743 /* Products */,
				E48866151C1E88455C19819A /* Pods */,
				388079241104BC182379CB77 /* Frameworks */,
			);
			sourceTree = "<group>";
		};
		828F24F423B7A1FA00B87743 /* Products */ = {
			isa = PBXGroup;
			children = (
				828F24F323B7A1FA00B87743 /* LolWater.app */,
				828F250923B7A1FB00B87743 /* LolWaterTests.xctest */,
				828F251423B7A1FB00B87743 /* LolWaterUITests.xctest */,
			);
			name = Products;
			sourceTree = "<group>";
		};
		828F24F523B7A1FA00B87743 /* LolWater */ = {
			isa = PBXGroup;
			children = (
				825BB1F9240F074200F67F1E /* Home */,
				825BB1F0240EEC1B00F67F1E /* Water */,
				8254063D240972F700A56AFE /* StarterView.swift */,
				828F24FE23B7A1FB00B87743 /* Preview Content */,
				8254064D240B116B00A56AFE /* Utils */,
				8252593723DA7BBF00E266A8 /* CredentialStorage */,
				8252592D23DA4A7F00E266A8 /* LolWater.entitlements */,
				824B15B723C69F7800666BFD /* AddCup */,
				824B15AE23C3EBCA00666BFD /* Person */,
				824B15A923C2847F00666BFD /* WaterCup */,
				824B15A423C1198B00666BFD /* Badge */,
				828F253723B7F4CC00B87743 /* Supporting Views */,
				828F252F23B7D6BB00B87743 /* Resources */,
				828F252C23B7ABF400B87743 /* Models */,
				828F252923B7A27600B87743 /* Profile */,
				8254063F2409730C00A56AFE /* Welcome */,
				8252593523DA7B9200E266A8 /* UserAndPassword.swift */,
				8252594023DA7C7200E266A8 /* WebApi.swift */,
				8252594223DA7C8E00E266A8 /* EnvironmentWindowKey.swift */,
				828F250123B7A1FB00B87743 /* LaunchScreen.storyboard */,
				828F24FC23B7A1FB00B87743 /* Assets.xcassets */,
				828F250423B7A1FB00B87743 /* Info.plist */,
				828F24F623B7A1FA00B87743 /* AppDelegate.swift */,
				828F24F823B7A1FA00B87743 /* SceneDelegate.swift */,
			);
			path = LolWater;
			sourceTree = "<group>";
		};
		828F24FE23B7A1FB00B87743 /* Preview Content */ = {
			isa = PBXGroup;
			children = (
				828F24FF23B7A1FB00B87743 /* Preview Assets.xcassets */,
			);
			path = "Preview Content";
			sourceTree = "<group>";
		};
		828F250C23B7A1FB00B87743 /* LolWaterTests */ = {
			isa = PBXGroup;
			children = (
				828F250D23B7A1FB00B87743 /* LolWaterTests.swift */,
				828F250F23B7A1FB00B87743 /* Info.plist */,
			);
			path = LolWaterTests;
			sourceTree = "<group>";
		};
		828F251723B7A1FB00B87743 /* LolWaterUITests */ = {
			isa = PBXGroup;
			children = (
				828F251823B7A1FB00B87743 /* LolWaterUITests.swift */,
				828F251A23B7A1FB00B87743 /* Info.plist */,
			);
			path = LolWaterUITests;
			sourceTree = "<group>";
		};
		828F252923B7A27600B87743 /* Profile */ = {
			isa = PBXGroup;
			children = (
				828F253C23BEAD6A00B87743 /* Profile.swift */,
				828F252A23B7A2A300B87743 /* ProfileHost.swift */,
				828F253E23BEB19F00B87743 /* ProfileSummary.swift */,
				828F254023BEB52B00B87743 /* ProfileEditor.swift */,
				8254063B240971F900A56AFE /* User.swift */,
				825406442409738000A56AFE /* User+ObservableObject.swift */,
				825BB1EC240D6B2300F67F1E /* UserManager.swift */,
				825BB1EE240D6B4200F67F1E /* Settings.swift */,
			);
			path = Profile;
			sourceTree = "<group>";
		};
		828F252C23B7ABF400B87743 /* Models */ = {
			isa = PBXGroup;
			children = (
				828F253323B7DCBB00B87743 /* Data.swift */,
			);
			path = Models;
			sourceTree = "<group>";
		};
		828F252F23B7D6BB00B87743 /* Resources */ = {
			isa = PBXGroup;
			children = (
				828F253123B7D76400B87743 /* lolWaterData.json */,
			);
			path = Resources;
			sourceTree = "<group>";
		};
		828F253723B7F4CC00B87743 /* Supporting Views */ = {
			isa = PBXGroup;
			children = (
				828F253523B7DDA500B87743 /* DayView.swift */,
				828F253823B7FE1A00B87743 /* GraphCapsule.swift */,
				828F253A23BE8C1400B87743 /* WeekView.swift */,
				82ACDC5A23DF0D90009CED6B /* WeekdayColumn.swift */,
			);
			path = "Supporting Views";
			sourceTree = "<group>";
		};
		828F254223BEBE5C00B87743 /* BadgeBase */ = {
			isa = PBXGroup;
			children = (
				828F254323BEBE7000B87743 /* Badge.swift */,
				828F254523BEBEA200B87743 /* HexagonParameters.swift */,
				824B159E23BF9D4500666BFD /* BadgeBackground.swift */,
				824B15A023BF9EA600666BFD /* BadgeSymbol.swift */,
				824B15A223C1142900666BFD /* RotatedBadgeSymbol.swift */,
			);
			path = BadgeBase;
			sourceTree = "<group>";
		};
		E48866151C1E88455C19819A /* Pods */ = {
			isa = PBXGroup;
			children = (
				ADBC9F071F5E50E2D76E2451 /* Pods-LolWater.debug.xcconfig */,
				7DFB9C668B02E3D48832D756 /* Pods-LolWater.release.xcconfig */,
				E2D32AD82DAD5B947A9F975F /* Pods-LolWater-LolWaterUITests.debug.xcconfig */,
				CCB7E1D7F9BD7298BCE76B36 /* Pods-LolWater-LolWaterUITests.release.xcconfig */,
				CC7176FA35E9A83D86407EFE /* Pods-LolWaterTests.debug.xcconfig */,
				5CECD06529B090680C572DC6 /* Pods-LolWaterTests.release.xcconfig */,
			);
			path = Pods;
			sourceTree = "<group>";
		};
/* End PBXGroup section */

/* Begin PBXNativeTarget section */
		828F24F223B7A1FA00B87743 /* LolWater */ = {
			isa = PBXNativeTarget;
			buildConfigurationList = 828F251D23B7A1FB00B87743 /* Build configuration list for PBXNativeTarget "LolWater" */;
			buildPhases = (
				6E73566A1A2210F6E05FD8C0 /* [CP] Check Pods Manifest.lock */,
				828F24EF23B7A1FA00B87743 /* Sources */,
				828F24F023B7A1FA00B87743 /* Frameworks */,
				828F24F123B7A1FA00B87743 /* Resources */,
			);
			buildRules = (
			);
			dependencies = (
			);
			name = LolWater;
			productName = LolWater;
			productReference = 828F24F323B7A1FA00B87743 /* LolWater.app */;
			productType = "com.apple.product-type.application";
		};
		828F250823B7A1FB00B87743 /* LolWaterTests */ = {
			isa = PBXNativeTarget;
			buildConfigurationList = 828F252023B7A1FB00B87743 /* Build configuration list for PBXNativeTarget "LolWaterTests" */;
			buildPhases = (
				D24CD64AF319F3689F7EE600 /* [CP] Check Pods Manifest.lock */,
				828F250523B7A1FB00B87743 /* Sources */,
				828F250623B7A1FB00B87743 /* Frameworks */,
				828F250723B7A1FB00B87743 /* Resources */,
			);
			buildRules = (
			);
			dependencies = (
				828F250B23B7A1FB00B87743 /* PBXTargetDependency */,
			);
			name = LolWaterTests;
			productName = LolWaterTests;
			productReference = 828F250923B7A1FB00B87743 /* LolWaterTests.xctest */;
			productType = "com.apple.product-type.bundle.unit-test";
		};
		828F251323B7A1FB00B87743 /* LolWaterUITests */ = {
			isa = PBXNativeTarget;
			buildConfigurationList = 828F252323B7A1FB00B87743 /* Build configuration list for PBXNativeTarget "LolWaterUITests" */;
			buildPhases = (
				AB126FFE4AC7C8790E64AFF9 /* [CP] Check Pods Manifest.lock */,
				828F251023B7A1FB00B87743 /* Sources */,
				828F251123B7A1FB00B87743 /* Frameworks */,
				828F251223B7A1FB00B87743 /* Resources */,
			);
			buildRules = (
			);
			dependencies = (
				828F251623B7A1FB00B87743 /* PBXTargetDependency */,
			);
			name = LolWaterUITests;
			productName = LolWaterUITests;
			productReference = 828F251423B7A1FB00B87743 /* LolWaterUITests.xctest */;
			productType = "com.apple.product-type.bundle.ui-testing";
		};
/* End PBXNativeTarget section */

/* Begin PBXProject section */
		828F24EB23B7A1FA00B87743 /* Project object */ = {
			isa = PBXProject;
			attributes = {
				LastSwiftUpdateCheck = 1130;
				LastUpgradeCheck = 1130;
				ORGANIZATIONNAME = "Daniel Gaeta";
				TargetAttributes = {
					828F24F223B7A1FA00B87743 = {
						CreatedOnToolsVersion = 11.3;
					};
					828F250823B7A1FB00B87743 = {
						CreatedOnToolsVersion = 11.3;
						TestTargetID = 828F24F223B7A1FA00B87743;
					};
					828F251323B7A1FB00B87743 = {
						CreatedOnToolsVersion = 11.3;
						TestTargetID = 828F24F223B7A1FA00B87743;
					};
				};
			};
			buildConfigurationList = 828F24EE23B7A1FA00B87743 /* Build configuration list for PBXProject "LolWater" */;
			compatibilityVersion = "Xcode 9.3";
			developmentRegion = en;
			hasScannedForEncodings = 0;
			knownRegions = (
				en,
				Base,
			);
			mainGroup = 828F24EA23B7A1FA00B87743;
			productRefGroup = 828F24F423B7A1FA00B87743 /* Products */;
			projectDirPath = "";
			projectRoot = "";
			targets = (
				828F24F223B7A1FA00B87743 /* LolWater */,
				828F250823B7A1FB00B87743 /* LolWaterTests */,
				828F251323B7A1FB00B87743 /* LolWaterUITests */,
			);
		};
/* End PBXProject section */

/* Begin PBXResourcesBuildPhase section */
		828F24F123B7A1FA00B87743 /* Resources */ = {
			isa = PBXResourcesBuildPhase;
			buildActionMask = 2147483647;
			files = (
				828F250323B7A1FB00B87743 /* LaunchScreen.storyboard in Resources */,
				828F253223B7D76400B87743 /* lolWaterData.json in Resources */,
				828F250023B7A1FB00B87743 /* Preview Assets.xcassets in Resources */,
				828F24FD23B7A1FB00B87743 /* Assets.xcassets in Resources */,
			);
			runOnlyForDeploymentPostprocessing = 0;
		};
		828F250723B7A1FB00B87743 /* Resources */ = {
			isa = PBXResourcesBuildPhase;
			buildActionMask = 2147483647;
			files = (
			);
			runOnlyForDeploymentPostprocessing = 0;
		};
		828F251223B7A1FB00B87743 /* Resources */ = {
			isa = PBXResourcesBuildPhase;
			buildActionMask = 2147483647;
			files = (
			);
			runOnlyForDeploymentPostprocessing = 0;
		};
/* End PBXResourcesBuildPhase section */

/* Begin PBXShellScriptBuildPhase section */
		6E73566A1A2210F6E05FD8C0 /* [CP] Check Pods Manifest.lock */ = {
			isa = PBXShellScriptBuildPhase;
			buildActionMask = 2147483647;
			files = (
			);
			inputFileListPaths = (
			);
			inputPaths = (
				"${PODS_PODFILE_DIR_PATH}/Podfile.lock",
				"${PODS_ROOT}/Manifest.lock",
			);
			name = "[CP] Check Pods Manifest.lock";
			outputFileListPaths = (
			);
			outputPaths = (
				"$(DERIVED_FILE_DIR)/Pods-LolWater-checkManifestLockResult.txt",
			);
			runOnlyForDeploymentPostprocessing = 0;
			shellPath = /bin/sh;
			shellScript = "diff \"${PODS_PODFILE_DIR_PATH}/Podfile.lock\" \"${PODS_ROOT}/Manifest.lock\" > /dev/null\nif [ $? != 0 ] ; then\n    # print error to STDERR\n    echo \"error: The sandbox is not in sync with the Podfile.lock. Run 'pod install' or update your CocoaPods installation.\" >&2\n    exit 1\nfi\n# This output is used by Xcode 'outputs' to avoid re-running this script phase.\necho \"SUCCESS\" > \"${SCRIPT_OUTPUT_FILE_0}\"\n";
			showEnvVarsInLog = 0;
		};
		AB126FFE4AC7C8790E64AFF9 /* [CP] Check Pods Manifest.lock */ = {
			isa = PBXShellScriptBuildPhase;
			buildActionMask = 2147483647;
			files = (
			);
			inputFileListPaths = (
			);
			inputPaths = (
				"${PODS_PODFILE_DIR_PATH}/Podfile.lock",
				"${PODS_ROOT}/Manifest.lock",
			);
			name = "[CP] Check Pods Manifest.lock";
			outputFileListPaths = (
			);
			outputPaths = (
				"$(DERIVED_FILE_DIR)/Pods-LolWater-LolWaterUITests-checkManifestLockResult.txt",
			);
			runOnlyForDeploymentPostprocessing = 0;
			shellPath = /bin/sh;
			shellScript = "diff \"${PODS_PODFILE_DIR_PATH}/Podfile.lock\" \"${PODS_ROOT}/Manifest.lock\" > /dev/null\nif [ $? != 0 ] ; then\n    # print error to STDERR\n    echo \"error: The sandbox is not in sync with the Podfile.lock. Run 'pod install' or update your CocoaPods installation.\" >&2\n    exit 1\nfi\n# This output is used by Xcode 'outputs' to avoid re-running this script phase.\necho \"SUCCESS\" > \"${SCRIPT_OUTPUT_FILE_0}\"\n";
			showEnvVarsInLog = 0;
		};
		D24CD64AF319F3689F7EE600 /* [CP] Check Pods Manifest.lock */ = {
			isa = PBXShellScriptBuildPhase;
			buildActionMask = 2147483647;
			files = (
			);
			inputFileListPaths = (
			);
			inputPaths = (
				"${PODS_PODFILE_DIR_PATH}/Podfile.lock",
				"${PODS_ROOT}/Manifest.lock",
			);
			name = "[CP] Check Pods Manifest.lock";
			outputFileListPaths = (
			);
			outputPaths = (
				"$(DERIVED_FILE_DIR)/Pods-LolWaterTests-checkManifestLockResult.txt",
			);
			runOnlyForDeploymentPostprocessing = 0;
			shellPath = /bin/sh;
			shellScript = "diff \"${PODS_PODFILE_DIR_PATH}/Podfile.lock\" \"${PODS_ROOT}/Manifest.lock\" > /dev/null\nif [ $? != 0 ] ; then\n    # print error to STDERR\n    echo \"error: The sandbox is not in sync with the Podfile.lock. Run 'pod install' or update your CocoaPods installation.\" >&2\n    exit 1\nfi\n# This output is used by Xcode 'outputs' to avoid re-running this script phase.\necho \"SUCCESS\" > \"${SCRIPT_OUTPUT_FILE_0}\"\n";
			showEnvVarsInLog = 0;
		};
/* End PBXShellScriptBuildPhase section */

/* Begin PBXSourcesBuildPhase section */
		828F24EF23B7A1FA00B87743 /* Sources */ = {
			isa = PBXSourcesBuildPhase;
			buildActionMask = 2147483647;
			files = (
				828F254623BEBEA200B87743 /* HexagonParameters.swift in Sources */,
				828F253423B7DCBB00B87743 /* Data.swift in Sources */,
				8254063E240972F700A56AFE /* StarterView.swift in Sources */,
				8252593D23DA7C0500E266A8 /* UserData.swift in Sources */,
				824B15A823C2847900666BFD /* WaterCup.swift in Sources */,
				82ACDC5B23DF0D90009CED6B /* WeekdayColumn.swift in Sources */,
				824B15B023C3EF6E00666BFD /* Person.swift in Sources */,
				8252593623DA7B9200E266A8 /* UserAndPassword.swift in Sources */,
				828F254123BEB52B00B87743 /* ProfileEditor.swift in Sources */,
				828F253623B7DDA500B87743 /* DayView.swift in Sources */,
				824B15A323C1142900666BFD /* RotatedBadgeSymbol.swift in Sources */,
				824B15B923C69FC700666BFD /* AddCup.swift in Sources */,
				8252594323DA7C8E00E266A8 /* EnvironmentWindowKey.swift in Sources */,
				8252594C23DB98D000E266A8 /* EmptyCup.swift in Sources */,
				824B15AB23C2B45400666BFD /* CupCap.swift in Sources */,
				824B15A123BF9EA600666BFD /* BadgeSymbol.swift in Sources */,
				824B15A623C119DB00666BFD /* WaterBadge.swift in Sources */,
				8254063C240971F900A56AFE /* User.swift in Sources */,
				824B15BD23C6A66300666BFD /* RemoveCup.swift in Sources */,
				825BB1F2240EEC8200F67F1E /* Day.swift in Sources */,
				825406412409732C00A56AFE /* RegisterView.swift in Sources */,
				82540649240ADC7500A56AFE /* LogoImage.swift in Sources */,
				8254064C240AE2B700A56AFE /* BorderedViewModifier.swift in Sources */,
				824B15AD23C2B4A900666BFD /* Cup.swift in Sources */,
				828F24F723B7A1FA00B87743 /* AppDelegate.swift in Sources */,
				825BB1F4240EEDBF00F67F1E /* WaterStore.swift in Sources */,
				828F253D23BEAD6A00B87743 /* Profile.swift in Sources */,
				825BB1FB240F078500F67F1E /* HomeView.swift in Sources */,
				8252593F23DA7C2400E266A8 /* UserDataKeychain.swift in Sources */,
				828F24F923B7A1FA00B87743 /* SceneDelegate.swift in Sources */,
				828F253B23BE8C1400B87743 /* WeekView.swift in Sources */,
				828F253923B7FE1A00B87743 /* GraphCapsule.swift in Sources */,
				8252594123DA7C7200E266A8 /* WebApi.swift in Sources */,
				825BB1F8240EFD5C00F67F1E /* WaterStore+ObservableObject.swift in Sources */,
				825406432409734400A56AFE /* WelcomeView.swift in Sources */,
				828F252B23B7A2A300B87743 /* ProfileHost.swift in Sources */,
				825406452409738000A56AFE /* User+ObservableObject.swift in Sources */,
				828F254423BEBE7000B87743 /* Badge.swift in Sources */,
				824B159F23BF9D4500666BFD /* BadgeBackground.swift in Sources */,
				82540647240ADC5400A56AFE /* WelcomeMessageView.swift in Sources */,
				825BB1EF240D6B4200F67F1E /* Settings.swift in Sources */,
				8252593B23DA7BF800E266A8 /* SharedWebCredential.swift in Sources */,
				828F253F23BEB19F00B87743 /* ProfileSummary.swift in Sources */,
				821896ED24171A1100551F3B /* WaterStore+Identifiable.swift in Sources */,
				825BB1F6240EEF2D00F67F1E /* Week.swift in Sources */,
				821896EB241712A600551F3B /* CupDayView.swift in Sources */,
				8254064F240B118200A56AFE /* KeyboardFollower.swift in Sources */,
				8252593923DA7BE900E266A8 /* Keychain.swift in Sources */,
				825BB1ED240D6B2300F67F1E /* UserManager.swift in Sources */,
			);
			runOnlyForDeploymentPostprocessing = 0;
		};
		828F250523B7A1FB00B87743 /* Sources */ = {
			isa = PBXSourcesBuildPhase;
			buildActionMask = 2147483647;
			files = (
				824B15B123C3EF6E00666BFD /* Person.swift in Sources */,
				828F250E23B7A1FB00B87743 /* LolWaterTests.swift in Sources */,
			);
			runOnlyForDeploymentPostprocessing = 0;
		};
		828F251023B7A1FB00B87743 /* Sources */ = {
			isa = PBXSourcesBuildPhase;
			buildActionMask = 2147483647;
			files = (
				824B15B223C3EF6E00666BFD /* Person.swift in Sources */,
				828F251923B7A1FB00B87743 /* LolWaterUITests.swift in Sources */,
			);
			runOnlyForDeploymentPostprocessing = 0;
		};
/* End PBXSourcesBuildPhase section */

/* Begin PBXTargetDependency section */
		828F250B23B7A1FB00B87743 /* PBXTargetDependency */ = {
			isa = PBXTargetDependency;
			target = 828F24F223B7A1FA00B87743 /* LolWater */;
			targetProxy = 828F250A23B7A1FB00B87743 /* PBXContainerItemProxy */;
		};
		828F251623B7A1FB00B87743 /* PBXTargetDependency */ = {
			isa = PBXTargetDependency;
			target = 828F24F223B7A1FA00B87743 /* LolWater */;
			targetProxy = 828F251523B7A1FB00B87743 /* PBXContainerItemProxy */;
		};
/* End PBXTargetDependency section */

/* Begin PBXVariantGroup section */
		828F250123B7A1FB00B87743 /* LaunchScreen.storyboard */ = {
			isa = PBXVariantGroup;
			children = (
				828F250223B7A1FB00B87743 /* Base */,
			);
			name = LaunchScreen.storyboard;
			sourceTree = "<group>";
		};
/* End PBXVariantGroup section */

/* Begin XCBuildConfiguration section */
		828F251B23B7A1FB00B87743 /* Debug */ = {
			isa = XCBuildConfiguration;
			buildSettings = {
				ALWAYS_SEARCH_USER_PATHS = NO;
				CLANG_ANALYZER_NONNULL = YES;
				CLANG_ANALYZER_NUMBER_OBJECT_CONVERSION = YES_AGGRESSIVE;
				CLANG_CXX_LANGUAGE_STANDARD = "gnu++14";
				CLANG_CXX_LIBRARY = "libc++";
				CLANG_ENABLE_MODULES = YES;
				CLANG_ENABLE_OBJC_ARC = YES;
				CLANG_ENABLE_OBJC_WEAK = YES;
				CLANG_WARN_BLOCK_CAPTURE_AUTORELEASING = YES;
				CLANG_WARN_BOOL_CONVERSION = YES;
				CLANG_WARN_COMMA = YES;
				CLANG_WARN_CONSTANT_CONVERSION = YES;
				CLANG_WARN_DEPRECATED_OBJC_IMPLEMENTATIONS = YES;
				CLANG_WARN_DIRECT_OBJC_ISA_USAGE = YES_ERROR;
				CLANG_WARN_DOCUMENTATION_COMMENTS = YES;
				CLANG_WARN_EMPTY_BODY = YES;
				CLANG_WARN_ENUM_CONVERSION = YES;
				CLANG_WARN_INFINITE_RECURSION = YES;
				CLANG_WARN_INT_CONVERSION = YES;
				CLANG_WARN_NON_LITERAL_NULL_CONVERSION = YES;
				CLANG_WARN_OBJC_IMPLICIT_RETAIN_SELF = YES;
				CLANG_WARN_OBJC_LITERAL_CONVERSION = YES;
				CLANG_WARN_OBJC_ROOT_CLASS = YES_ERROR;
				CLANG_WARN_RANGE_LOOP_ANALYSIS = YES;
				CLANG_WARN_STRICT_PROTOTYPES = YES;
				CLANG_WARN_SUSPICIOUS_MOVE = YES;
				CLANG_WARN_UNGUARDED_AVAILABILITY = YES_AGGRESSIVE;
				CLANG_WARN_UNREACHABLE_CODE = YES;
				CLANG_WARN__DUPLICATE_METHOD_MATCH = YES;
				COPY_PHASE_STRIP = NO;
				DEBUG_INFORMATION_FORMAT = dwarf;
				ENABLE_STRICT_OBJC_MSGSEND = YES;
				ENABLE_TESTABILITY = YES;
				GCC_C_LANGUAGE_STANDARD = gnu11;
				GCC_DYNAMIC_NO_PIC = NO;
				GCC_NO_COMMON_BLOCKS = YES;
				GCC_OPTIMIZATION_LEVEL = 0;
				GCC_PREPROCESSOR_DEFINITIONS = (
					"DEBUG=1",
					"$(inherited)",
				);
				GCC_WARN_64_TO_32_BIT_CONVERSION = YES;
				GCC_WARN_ABOUT_RETURN_TYPE = YES_ERROR;
				GCC_WARN_UNDECLARED_SELECTOR = YES;
				GCC_WARN_UNINITIALIZED_AUTOS = YES_AGGRESSIVE;
				GCC_WARN_UNUSED_FUNCTION = YES;
				GCC_WARN_UNUSED_VARIABLE = YES;
				IPHONEOS_DEPLOYMENT_TARGET = 13.2;
				MTL_ENABLE_DEBUG_INFO = INCLUDE_SOURCE;
				MTL_FAST_MATH = YES;
				ONLY_ACTIVE_ARCH = YES;
				SDKROOT = iphoneos;
				SWIFT_ACTIVE_COMPILATION_CONDITIONS = DEBUG;
				SWIFT_OPTIMIZATION_LEVEL = "-Onone";
			};
			name = Debug;
		};
		828F251C23B7A1FB00B87743 /* Release */ = {
			isa = XCBuildConfiguration;
			buildSettings = {
				ALWAYS_SEARCH_USER_PATHS = NO;
				CLANG_ANALYZER_NONNULL = YES;
				CLANG_ANALYZER_NUMBER_OBJECT_CONVERSION = YES_AGGRESSIVE;
				CLANG_CXX_LANGUAGE_STANDARD = "gnu++14";
				CLANG_CXX_LIBRARY = "libc++";
				CLANG_ENABLE_MODULES = YES;
				CLANG_ENABLE_OBJC_ARC = YES;
				CLANG_ENABLE_OBJC_WEAK = YES;
				CLANG_WARN_BLOCK_CAPTURE_AUTORELEASING = YES;
				CLANG_WARN_BOOL_CONVERSION = YES;
				CLANG_WARN_COMMA = YES;
				CLANG_WARN_CONSTANT_CONVERSION = YES;
				CLANG_WARN_DEPRECATED_OBJC_IMPLEMENTATIONS = YES;
				CLANG_WARN_DIRECT_OBJC_ISA_USAGE = YES_ERROR;
				CLANG_WARN_DOCUMENTATION_COMMENTS = YES;
				CLANG_WARN_EMPTY_BODY = YES;
				CLANG_WARN_ENUM_CONVERSION = YES;
				CLANG_WARN_INFINITE_RECURSION = YES;
				CLANG_WARN_INT_CONVERSION = YES;
				CLANG_WARN_NON_LITERAL_NULL_CONVERSION = YES;
				CLANG_WARN_OBJC_IMPLICIT_RETAIN_SELF = YES;
				CLANG_WARN_OBJC_LITERAL_CONVERSION = YES;
				CLANG_WARN_OBJC_ROOT_CLASS = YES_ERROR;
				CLANG_WARN_RANGE_LOOP_ANALYSIS = YES;
				CLANG_WARN_STRICT_PROTOTYPES = YES;
				CLANG_WARN_SUSPICIOUS_MOVE = YES;
				CLANG_WARN_UNGUARDED_AVAILABILITY = YES_AGGRESSIVE;
				CLANG_WARN_UNREACHABLE_CODE = YES;
				CLANG_WARN__DUPLICATE_METHOD_MATCH = YES;
				COPY_PHASE_STRIP = NO;
				DEBUG_INFORMATION_FORMAT = "dwarf-with-dsym";
				ENABLE_NS_ASSERTIONS = NO;
				ENABLE_STRICT_OBJC_MSGSEND = YES;
				GCC_C_LANGUAGE_STANDARD = gnu11;
				GCC_NO_COMMON_BLOCKS = YES;
				GCC_WARN_64_TO_32_BIT_CONVERSION = YES;
				GCC_WARN_ABOUT_RETURN_TYPE = YES_ERROR;
				GCC_WARN_UNDECLARED_SELECTOR = YES;
				GCC_WARN_UNINITIALIZED_AUTOS = YES_AGGRESSIVE;
				GCC_WARN_UNUSED_FUNCTION = YES;
				GCC_WARN_UNUSED_VARIABLE = YES;
				IPHONEOS_DEPLOYMENT_TARGET = 13.2;
				MTL_ENABLE_DEBUG_INFO = NO;
				MTL_FAST_MATH = YES;
				SDKROOT = iphoneos;
				SWIFT_COMPILATION_MODE = wholemodule;
				SWIFT_OPTIMIZATION_LEVEL = "-O";
				VALIDATE_PRODUCT = YES;
			};
			name = Release;
		};
		828F251E23B7A1FB00B87743 /* Debug */ = {
			isa = XCBuildConfiguration;
			baseConfigurationReference = ADBC9F071F5E50E2D76E2451 /* Pods-LolWater.debug.xcconfig */;
			buildSettings = {
				ASSETCATALOG_COMPILER_APPICON_NAME = AppIcon;
				CODE_SIGN_ENTITLEMENTS = LolWater/LolWater.entitlements;
				CODE_SIGN_IDENTITY = "Apple Development";
				CODE_SIGN_STYLE = Automatic;
				DEVELOPMENT_ASSET_PATHS = "\"LolWater/Preview Content\"";
				DEVELOPMENT_TEAM = ZMA9KZ76AN;
				ENABLE_PREVIEWS = YES;
				INFOPLIST_FILE = LolWater/Info.plist;
				LD_RUNPATH_SEARCH_PATHS = (
					"$(inherited)",
					"@executable_path/Frameworks",
				);
				PRODUCT_BUNDLE_IDENTIFIER = com.dangaeta.LolWaterHaha;
				PRODUCT_NAME = "$(TARGET_NAME)";
				PROVISIONING_PROFILE_SPECIFIER = "";
				SWIFT_VERSION = 5.0;
				TARGETED_DEVICE_FAMILY = "1,2";
			};
			name = Debug;
		};
		828F251F23B7A1FB00B87743 /* Release */ = {
			isa = XCBuildConfiguration;
			baseConfigurationReference = 7DFB9C668B02E3D48832D756 /* Pods-LolWater.release.xcconfig */;
			buildSettings = {
				ASSETCATALOG_COMPILER_APPICON_NAME = AppIcon;
				CODE_SIGN_ENTITLEMENTS = LolWater/LolWater.entitlements;
				CODE_SIGN_IDENTITY = "Apple Development";
				CODE_SIGN_STYLE = Automatic;
				DEVELOPMENT_ASSET_PATHS = "\"LolWater/Preview Content\"";
				DEVELOPMENT_TEAM = ZMA9KZ76AN;
				ENABLE_PREVIEWS = YES;
				INFOPLIST_FILE = LolWater/Info.plist;
				LD_RUNPATH_SEARCH_PATHS = (
					"$(inherited)",
					"@executable_path/Frameworks",
				);
				PRODUCT_BUNDLE_IDENTIFIER = com.dangaeta.LolWaterHaha;
				PRODUCT_NAME = "$(TARGET_NAME)";
				PROVISIONING_PROFILE_SPECIFIER = "";
				SWIFT_VERSION = 5.0;
				TARGETED_DEVICE_FAMILY = "1,2";
			};
			name = Release;
		};
		828F252123B7A1FB00B87743 /* Debug */ = {
			isa = XCBuildConfiguration;
			baseConfigurationReference = CC7176FA35E9A83D86407EFE /* Pods-LolWaterTests.debug.xcconfig */;
			buildSettings = {
				ALWAYS_EMBED_SWIFT_STANDARD_LIBRARIES = YES;
				BUNDLE_LOADER = "$(TEST_HOST)";
				CODE_SIGN_STYLE = Automatic;
				DEVELOPMENT_TEAM = ZMA9KZ76AN;
				INFOPLIST_FILE = LolWaterTests/Info.plist;
				IPHONEOS_DEPLOYMENT_TARGET = 13.2;
				LD_RUNPATH_SEARCH_PATHS = (
					"$(inherited)",
					"@executable_path/Frameworks",
					"@loader_path/Frameworks",
				);
				PRODUCT_BUNDLE_IDENTIFIER = com.dangaeta.LolWaterTests;
				PRODUCT_NAME = "$(TARGET_NAME)";
				SWIFT_VERSION = 5.0;
				TARGETED_DEVICE_FAMILY = "1,2";
				TEST_HOST = "$(BUILT_PRODUCTS_DIR)/LolWater.app/LolWater";
			};
			name = Debug;
		};
		828F252223B7A1FB00B87743 /* Release */ = {
			isa = XCBuildConfiguration;
			baseConfigurationReference = 5CECD06529B090680C572DC6 /* Pods-LolWaterTests.release.xcconfig */;
			buildSettings = {
				ALWAYS_EMBED_SWIFT_STANDARD_LIBRARIES = YES;
				BUNDLE_LOADER = "$(TEST_HOST)";
				CODE_SIGN_STYLE = Automatic;
				DEVELOPMENT_TEAM = ZMA9KZ76AN;
				INFOPLIST_FILE = LolWaterTests/Info.plist;
				IPHONEOS_DEPLOYMENT_TARGET = 13.2;
				LD_RUNPATH_SEARCH_PATHS = (
					"$(inherited)",
					"@executable_path/Frameworks",
					"@loader_path/Frameworks",
				);
				PRODUCT_BUNDLE_IDENTIFIER = com.dangaeta.LolWaterTests;
				PRODUCT_NAME = "$(TARGET_NAME)";
				SWIFT_VERSION = 5.0;
				TARGETED_DEVICE_FAMILY = "1,2";
				TEST_HOST = "$(BUILT_PRODUCTS_DIR)/LolWater.app/LolWater";
			};
			name = Release;
		};
		828F252423B7A1FB00B87743 /* Debug */ = {
			isa = XCBuildConfiguration;
			baseConfigurationReference = E2D32AD82DAD5B947A9F975F /* Pods-LolWater-LolWaterUITests.debug.xcconfig */;
			buildSettings = {
				ALWAYS_EMBED_SWIFT_STANDARD_LIBRARIES = YES;
				CODE_SIGN_STYLE = Automatic;
				DEVELOPMENT_TEAM = ZMA9KZ76AN;
				INFOPLIST_FILE = LolWaterUITests/Info.plist;
				LD_RUNPATH_SEARCH_PATHS = (
					"$(inherited)",
					"@executable_path/Frameworks",
					"@loader_path/Frameworks",
				);
				PRODUCT_BUNDLE_IDENTIFIER = com.dangaeta.LolWaterUITests;
				PRODUCT_NAME = "$(TARGET_NAME)";
				SWIFT_VERSION = 5.0;
				TARGETED_DEVICE_FAMILY = "1,2";
				TEST_TARGET_NAME = LolWater;
			};
			name = Debug;
		};
		828F252523B7A1FB00B87743 /* Release */ = {
			isa = XCBuildConfiguration;
			baseConfigurationReference = CCB7E1D7F9BD7298BCE76B36 /* Pods-LolWater-LolWaterUITests.release.xcconfig */;
			buildSettings = {
				ALWAYS_EMBED_SWIFT_STANDARD_LIBRARIES = YES;
				CODE_SIGN_STYLE = Automatic;
				DEVELOPMENT_TEAM = ZMA9KZ76AN;
				INFOPLIST_FILE = LolWaterUITests/Info.plist;
				LD_RUNPATH_SEARCH_PATHS = (
					"$(inherited)",
					"@executable_path/Frameworks",
					"@loader_path/Frameworks",
				);
				PRODUCT_BUNDLE_IDENTIFIER = com.dangaeta.LolWaterUITests;
				PRODUCT_NAME = "$(TARGET_NAME)";
				SWIFT_VERSION = 5.0;
				TARGETED_DEVICE_FAMILY = "1,2";
				TEST_TARGET_NAME = LolWater;
			};
			name = Release;
		};
/* End XCBuildConfiguration section */

/* Begin XCConfigurationList section */
		828F24EE23B7A1FA00B87743 /* Build configuration list for PBXProject "LolWater" */ = {
			isa = XCConfigurationList;
			buildConfigurations = (
				828F251B23B7A1FB00B87743 /* Debug */,
				828F251C23B7A1FB00B87743 /* Release */,
			);
			defaultConfigurationIsVisible = 0;
			defaultConfigurationName = Release;
		};
		828F251D23B7A1FB00B87743 /* Build configuration list for PBXNativeTarget "LolWater" */ = {
			isa = XCConfigurationList;
			buildConfigurations = (
				828F251E23B7A1FB00B87743 /* Debug */,
				828F251F23B7A1FB00B87743 /* Release */,
			);
			defaultConfigurationIsVisible = 0;
			defaultConfigurationName = Release;
		};
		828F252023B7A1FB00B87743 /* Build configuration list for PBXNativeTarget "LolWaterTests" */ = {
			isa = XCConfigurationList;
			buildConfigurations = (
				828F252123B7A1FB00B87743 /* Debug */,
				828F252223B7A1FB00B87743 /* Release */,
			);
			defaultConfigurationIsVisible = 0;
			defaultConfigurationName = Release;
		};
		828F252323B7A1FB00B87743 /* Build configuration list for PBXNativeTarget "LolWaterUITests" */ = {
			isa = XCConfigurationList;
			buildConfigurations = (
				828F252423B7A1FB00B87743 /* Debug */,
				828F252523B7A1FB00B87743 /* Release */,
			);
			defaultConfigurationIsVisible = 0;
			defaultConfigurationName = Release;
		};
/* End XCConfigurationList section */
	};
	rootObject = 828F24EB23B7A1FA00B87743 /* Project object */;
}
